
Microsoft Visual Studio Solution File, Format Version 12.00
# Visual Studio Version 17
VisualStudioVersion = 17.7.34024.191
MinimumVisualStudioVersion = 10.0.40219.1
Project("{9A19103F-16F7-4668-BE54-9A1E7A4F7556}") = "ContactApp.API", "ContactApp.API\ContactApp.API.csproj", "{95785833-9234-43A5-B234-A524E1B37A52}"
EndProject
Global
	GlobalSection(SolutionConfigurationPlatforms) = preSolution
		Debug|Any CPU = Debug|Any CPU
		Release|Any CPU = Release|Any CPU
	EndGlobalSection
	GlobalSection(ProjectConfigurationPlatforms) = postSolution
		{95785833-9234-43A5-B234-A524E1B37A52}.Debug|Any CPU.ActiveCfg = Debug|Any CPU
		{95785833-9234-43A5-B234-A524E1B37A52}.Debug|Any CPU.Build.0 = Debug|Any CPU
		{95785833-9234-43A5-B234-A524E1B37A52}.Release|Any CPU.ActiveCfg = Release|Any CPU
		{95785833-9234-43A5-B234-A524E1B37A52}.Release|Any CPU.Build.0 = Release|Any CPU
	EndGlobalSection
	GlobalSection(SolutionProperties) = preSolution
		HideSolutionNode = FALSE
	EndGlobalSection
	GlobalSection(ExtensibilityGlobals) = postSolution
		SolutionGuid = {B27188A0-3FC0-48F5-8A20-047904D43993}
	EndGlobalSection
EndGlobal
